<?xml version="1.0" encoding="utf-8"?>
<Project ToolsVersion="4.0" xmlns="http://schemas.microsoft.com/developer/msbuild/2003">
  <ItemGroup>
    <Filter Include="Src">
      <UniqueIdentifier>{554d86e3-7343-4e46-967a-764a097cec0d}</UniqueIdentifier>
    </Filter>
    <Filter Include="Src\Timing">
      <UniqueIdentifier>{0778a22b-9870-4836-914a-8958939f5ceb}</UniqueIdentifier>
    </Filter>
    <Filter Include="Src\Rendering">
      <UniqueIdentifier>{3426bf6d-6dcf-412d-9c2e-0e2ac7b76d35}</UniqueIdentifier>
    </Filter>
    <Filter Include="Src\Rendering\RenderData">
      <UniqueIdentifier>{3ff778b1-6d92-4eec-8190-e07b2316c812}</UniqueIdentifier>
    </Filter>
    <Filter Include="Src\Rendering\Common">
      <UniqueIdentifier>{a9f260bf-7ca3-4ff2-8fa2-45a1164e3d80}</UniqueIdentifier>
    </Filter>
    <Filter Include="Src\Maths">
      <UniqueIdentifier>{28089d59-66c4-485f-bdef-8bcab2a48d20}</UniqueIdentifier>
    </Filter>
    <Filter Include="Shaders">
      <UniqueIdentifier>{12642659-96ed-4c06-a34c-cc8294d8b6a0}</UniqueIdentifier>
    </Filter>
  </ItemGroup>
  <ItemGroup>
    <ClCompile Include="Src\AstroGameInstance.cpp">
      <Filter>Src</Filter>
    </ClCompile>
    <ClCompile Include="Src\Game.cpp">
      <Filter>Src</Filter>
    </ClCompile>
    <ClCompile Include="Src\Main.cpp">
      <Filter>Src</Filter>
    </ClCompile>
    <ClCompile Include="Src\Timing\GameTimer.cpp">
      <Filter>Src\Timing</Filter>
    </ClCompile>
    <ClCompile Include="Src\Rendering\RendererDX12.cpp">
      <Filter>Src\Rendering</Filter>
    </ClCompile>
  </ItemGroup>
  <ItemGroup>
    <ClInclude Include="Src\AstroGameInstance.h">
      <Filter>Src</Filter>
    </ClInclude>
    <ClInclude Include="Src\Common.h">
      <Filter>Src</Filter>
    </ClInclude>
    <ClInclude Include="Src\d3dx12.h">
      <Filter>Src</Filter>
    </ClInclude>
    <ClInclude Include="Src\Game.h">
      <Filter>Src</Filter>
    </ClInclude>
    <ClInclude Include="Src\Timing\GameTimer.h">
      <Filter>Src\Timing</Filter>
    </ClInclude>
    <ClInclude Include="Src\Rendering\IRenderable.h">
      <Filter>Src\Rendering</Filter>
    </ClInclude>
    <ClInclude Include="Src\Rendering\IRenderer.h">
      <Filter>Src\Rendering</Filter>
    </ClInclude>
    <ClInclude Include="Src\Rendering\RenderableStaticObject.h">
      <Filter>Src\Rendering</Filter>
    </ClInclude>
    <ClInclude Include="Src\Rendering\RendererDX12.h">
      <Filter>Src\Rendering</Filter>
    </ClInclude>
    <ClInclude Include="Src\Rendering\RenderData\Mesh.h">
      <Filter>Src\Rendering\RenderData</Filter>
    </ClInclude>
    <ClInclude Include="Src\Rendering\RenderData\VertexData.h">
      <Filter>Src\Rendering\RenderData</Filter>
    </ClInclude>
    <ClInclude Include="Src\Rendering\Common\RenderingUtils.h">
      <Filter>Src\Rendering\Common</Filter>
    </ClInclude>
    <ClInclude Include="Src\Rendering\Common\UploadBuffer.h">
      <Filter>Src\Rendering\Common</Filter>
    </ClInclude>
    <ClInclude Include="Src\Maths\MathUtils.h">
      <Filter>Src\Maths</Filter>
    </ClInclude>
  </ItemGroup>
  <ItemGroup>
    <FxCompile Include="Shaders\color.hlsl">
      <Filter>Shaders</Filter>
    </FxCompile>
  </ItemGroup>
  <ItemGroup />
</Project>