<?xml version="1.0" encoding="utf-8"?>
<Project ToolsVersion="4.0" xmlns="http://schemas.microsoft.com/developer/msbuild/2003">
  <ItemGroup>
    <Filter Include="Src">
      <UniqueIdentifier>{bd46a2fe-f8f9-4eb2-be08-6814a6cda5ea}</UniqueIdentifier>
    </Filter>
    <Filter Include="Src\Timing">
      <UniqueIdentifier>{f2d531b5-dc1b-4576-8876-700f1b30ba7a}</UniqueIdentifier>
    </Filter>
    <Filter Include="Src\Rendering">
      <UniqueIdentifier>{17f795cf-728f-40ef-81fa-c8ba22c9c8b5}</UniqueIdentifier>
    </Filter>
    <Filter Include="Src\Rendering\Common">
      <UniqueIdentifier>{bb550df2-93d4-463a-b86f-4cc0634dc427}</UniqueIdentifier>
    </Filter>
    <Filter Include="Src\Rendering\Renderable">
      <UniqueIdentifier>{ee249dbb-2f44-4e34-863c-f4d3079125c9}</UniqueIdentifier>
    </Filter>
    <Filter Include="Src\Rendering\RenderData">
      <UniqueIdentifier>{f1ca4e66-1011-4be4-9419-84d65f4d2e31}</UniqueIdentifier>
    </Filter>
    <Filter Include="Src\Maths">
      <UniqueIdentifier>{287471ac-fbe5-47ae-9b14-fa03d4573373}</UniqueIdentifier>
    </Filter>
    <Filter Include="Shaders">
      <UniqueIdentifier>{ee884790-9372-42b1-bd81-07ce88c08953}</UniqueIdentifier>
    </Filter>
  </ItemGroup>
  <ItemGroup>
    <ClCompile Include="Src\AstroGameInstance.cpp">
      <Filter>Src</Filter>
    </ClCompile>
    <ClCompile Include="Src\Game.cpp">
      <Filter>Src</Filter>
    </ClCompile>
    <ClCompile Include="Src\Main.cpp">
      <Filter>Src</Filter>
    </ClCompile>
    <ClCompile Include="Src\Timing\GameTimer.cpp">
      <Filter>Src\Timing</Filter>
    </ClCompile>
    <ClCompile Include="Src\Rendering\RendererDX12.cpp">
      <Filter>Src\Rendering</Filter>
    </ClCompile>
    <ClCompile Include="Src\Rendering\Common\FrameResource.cpp">
      <Filter>Src\Rendering\Common</Filter>
    </ClCompile>
  </ItemGroup>
  <ItemGroup>
    <ClInclude Include="Src\AstroGameInstance.h">
      <Filter>Src</Filter>
    </ClInclude>
    <ClInclude Include="Src\Common.h">
      <Filter>Src</Filter>
    </ClInclude>
    <ClInclude Include="Src\d3dx12.h">
      <Filter>Src</Filter>
    </ClInclude>
    <ClInclude Include="Src\Game.h">
      <Filter>Src</Filter>
    </ClInclude>
    <ClInclude Include="Src\Timing\GameTimer.h">
      <Filter>Src\Timing</Filter>
    </ClInclude>
    <ClInclude Include="Src\Rendering\IRenderer.h">
      <Filter>Src\Rendering</Filter>
    </ClInclude>
    <ClInclude Include="Src\Rendering\RendererDX12.h">
      <Filter>Src\Rendering</Filter>
    </ClInclude>
    <ClInclude Include="Src\Rendering\Common\FrameResource.h">
      <Filter>Src\Rendering\Common</Filter>
    </ClInclude>
    <ClInclude Include="Src\Rendering\Common\MeshLibrary.h">
      <Filter>Src\Rendering\Common</Filter>
    </ClInclude>
    <ClInclude Include="Src\Rendering\Common\RenderingUtils.h">
      <Filter>Src\Rendering\Common</Filter>
    </ClInclude>
    <ClInclude Include="Src\Rendering\Common\ShaderLibrary.h">
      <Filter>Src\Rendering\Common</Filter>
    </ClInclude>
    <ClInclude Include="Src\Rendering\Common\UploadBuffer.h">
      <Filter>Src\Rendering\Common</Filter>
    </ClInclude>
    <ClInclude Include="Src\Rendering\Common\VertexDataInputLayoutLibrary.h">
      <Filter>Src\Rendering\Common</Filter>
    </ClInclude>
    <ClInclude Include="Src\Rendering\Renderable\IRenderable.h">
      <Filter>Src\Rendering\Renderable</Filter>
    </ClInclude>
    <ClInclude Include="Src\Rendering\Renderable\RenderableStaticObject.h">
      <Filter>Src\Rendering\Renderable</Filter>
    </ClInclude>
    <ClInclude Include="Src\Rendering\Renderable\RenderableGroup.h">
      <Filter>Src\Rendering\Renderable</Filter>
    </ClInclude>
    <ClInclude Include="Src\Rendering\RenderData\Mesh.h">
      <Filter>Src\Rendering\RenderData</Filter>
    </ClInclude>
    <ClInclude Include="Src\Rendering\RenderData\RenderPassConstants.h">
      <Filter>Src\Rendering\RenderData</Filter>
    </ClInclude>
    <ClInclude Include="Src\Rendering\RenderData\VertexData.h">
      <Filter>Src\Rendering\RenderData</Filter>
    </ClInclude>
    <ClInclude Include="Src\Maths\MathUtils.h">
      <Filter>Src\Maths</Filter>
    </ClInclude>
  </ItemGroup>
  <ItemGroup>
    <FxCompile Include="Shaders\color.hlsl">
      <Filter>Shaders</Filter>
    </FxCompile>
  </ItemGroup>
  <ItemGroup />
</Project>