<?xml version="1.0" encoding="utf-8"?>
<Project ToolsVersion="4.0" xmlns="http://schemas.microsoft.com/developer/msbuild/2003">
  <ItemGroup>
    <Filter Include="Src">
      <UniqueIdentifier>{58a72528-6c5d-47ce-a14e-902f788f2019}</UniqueIdentifier>
    </Filter>
    <Filter Include="Src\Timing">
      <UniqueIdentifier>{97631038-cba4-43de-b04a-0baa41f0c423}</UniqueIdentifier>
    </Filter>
    <Filter Include="Src\Rendering">
      <UniqueIdentifier>{8e55ce6e-ff73-48d7-a9b3-7901a0bbb930}</UniqueIdentifier>
    </Filter>
    <Filter Include="Src\Rendering\Common">
      <UniqueIdentifier>{e0204e15-76d9-41d7-9424-7a048b9354ea}</UniqueIdentifier>
    </Filter>
    <Filter Include="Src\Rendering\RenderData">
      <UniqueIdentifier>{66ee574b-4982-47fb-8a34-3d370b13169d}</UniqueIdentifier>
    </Filter>
    <Filter Include="Src\Maths">
      <UniqueIdentifier>{b43e530b-e9aa-4e6a-8dce-adcd6421ca10}</UniqueIdentifier>
    </Filter>
    <Filter Include="Shaders">
      <UniqueIdentifier>{3af4f4c5-722a-4123-841e-e20ab47cc11c}</UniqueIdentifier>
    </Filter>
  </ItemGroup>
  <ItemGroup>
    <ClCompile Include="Src\AstroGameInstance.cpp">
      <Filter>Src</Filter>
    </ClCompile>
    <ClCompile Include="Src\Game.cpp">
      <Filter>Src</Filter>
    </ClCompile>
    <ClCompile Include="Src\Main.cpp">
      <Filter>Src</Filter>
    </ClCompile>
    <ClCompile Include="Src\Timing\GameTimer.cpp">
      <Filter>Src\Timing</Filter>
    </ClCompile>
    <ClCompile Include="Src\Rendering\RendererDX12.cpp">
      <Filter>Src\Rendering</Filter>
    </ClCompile>
    <ClCompile Include="Src\Rendering\RenderData\VertexData.cpp" />
  </ItemGroup>
  <ItemGroup>
    <ClInclude Include="Src\AstroGameInstance.h">
      <Filter>Src</Filter>
    </ClInclude>
    <ClInclude Include="Src\Common.h">
      <Filter>Src</Filter>
    </ClInclude>
    <ClInclude Include="Src\d3dx12.h">
      <Filter>Src</Filter>
    </ClInclude>
    <ClInclude Include="Src\Game.h">
      <Filter>Src</Filter>
    </ClInclude>
    <ClInclude Include="Src\Timing\GameTimer.h">
      <Filter>Src\Timing</Filter>
    </ClInclude>
    <ClInclude Include="Src\Rendering\IRenderable.h">
      <Filter>Src\Rendering</Filter>
    </ClInclude>
    <ClInclude Include="Src\Rendering\IRenderer.h">
      <Filter>Src\Rendering</Filter>
    </ClInclude>
    <ClInclude Include="Src\Rendering\RendererDX12.h">
      <Filter>Src\Rendering</Filter>
    </ClInclude>
    <ClInclude Include="Src\Rendering\RenderableStaticObject.h">
      <Filter>Src\Rendering</Filter>
    </ClInclude>
    <ClInclude Include="Src\Rendering\Common\RenderingUtils.h">
      <Filter>Src\Rendering\Common</Filter>
    </ClInclude>
    <ClInclude Include="Src\Rendering\Common\UploadBuffer.h">
      <Filter>Src\Rendering\Common</Filter>
    </ClInclude>
    <ClInclude Include="Src\Rendering\RenderData\Mesh.h">
      <Filter>Src\Rendering\RenderData</Filter>
    </ClInclude>
    <ClInclude Include="Src\Rendering\RenderData\VertexData.h">
      <Filter>Src\Rendering\RenderData</Filter>
    </ClInclude>
    <ClInclude Include="Src\Maths\MathUtils.h">
      <Filter>Src\Maths</Filter>
    </ClInclude>
  </ItemGroup>
  <ItemGroup>
    <CopyFileToFolders Include="GraphicsLogo.png" />
    <CopyFileToFolders Include="SmallLogo.png" />
    <CopyFileToFolders Include="SplashScreen.png" />
    <CopyFileToFolders Include="StoreLogo.png" />
  </ItemGroup>
  <ItemGroup>
    <FxCompile Include="Shaders\color.hlsl">
      <Filter>Shaders</Filter>
    </FxCompile>
  </ItemGroup>
</Project>